
Microsoft Visual Studio Solution File, Format Version 12.00
# Visual Studio Version 17
VisualStudioVersion = 17.10.35013.160
MinimumVisualStudioVersion = 10.0.40219.1
Project("{FAE04EC0-301F-11D3-BF4B-00C04F79EFBC}") = "Operadores", "Operadores\Operadores.csproj", "{FD4EE024-39D2-4DDA-931C-06727387EBF3}"
EndProject
Global
	GlobalSection(SolutionConfigurationPlatforms) = preSolution
		Debug|Any CPU = Debug|Any CPU
		Release|Any CPU = Release|Any CPU
	EndGlobalSection
	GlobalSection(ProjectConfigurationPlatforms) = postSolution
		{FD4EE024-39D2-4DDA-931C-06727387EBF3}.Debug|Any CPU.ActiveCfg = Debug|Any CPU
		{FD4EE024-39D2-4DDA-931C-06727387EBF3}.Debug|Any CPU.Build.0 = Debug|Any CPU
		{FD4EE024-39D2-4DDA-931C-06727387EBF3}.Release|Any CPU.ActiveCfg = Release|Any CPU
		{FD4EE024-39D2-4DDA-931C-06727387EBF3}.Release|Any CPU.Build.0 = Release|Any CPU
	EndGlobalSection
	GlobalSection(SolutionProperties) = preSolution
		HideSolutionNode = FALSE
	EndGlobalSection
	GlobalSection(ExtensibilityGlobals) = postSolution
		SolutionGuid = {3F4A2CBD-BAF7-4A44-89C2-3DD7AEB43359}
	EndGlobalSection
EndGlobal
