
Microsoft Visual Studio Solution File, Format Version 12.00
# Visual Studio Version 17
VisualStudioVersion = 17.10.35013.160
MinimumVisualStudioVersion = 10.0.40219.1
Project("{FAE04EC0-301F-11D3-BF4B-00C04F79EFBC}") = "Multiples Valores con Return", "Multiples Valores con Return\Multiples Valores con Return.csproj", "{EA837863-0520-4B19-ADE5-0800215B5F94}"
EndProject
Global
	GlobalSection(SolutionConfigurationPlatforms) = preSolution
		Debug|Any CPU = Debug|Any CPU
		Release|Any CPU = Release|Any CPU
	EndGlobalSection
	GlobalSection(ProjectConfigurationPlatforms) = postSolution
		{EA837863-0520-4B19-ADE5-0800215B5F94}.Debug|Any CPU.ActiveCfg = Debug|Any CPU
		{EA837863-0520-4B19-ADE5-0800215B5F94}.Debug|Any CPU.Build.0 = Debug|Any CPU
		{EA837863-0520-4B19-ADE5-0800215B5F94}.Release|Any CPU.ActiveCfg = Release|Any CPU
		{EA837863-0520-4B19-ADE5-0800215B5F94}.Release|Any CPU.Build.0 = Release|Any CPU
	EndGlobalSection
	GlobalSection(SolutionProperties) = preSolution
		HideSolutionNode = FALSE
	EndGlobalSection
	GlobalSection(ExtensibilityGlobals) = postSolution
		SolutionGuid = {634A43CC-559B-4559-9DD7-42F4B90738AD}
	EndGlobalSection
EndGlobal
