
Microsoft Visual Studio Solution File, Format Version 12.00
# Visual Studio Version 17
VisualStudioVersion = 17.10.35013.160
MinimumVisualStudioVersion = 10.0.40219.1
Project("{FAE04EC0-301F-11D3-BF4B-00C04F79EFBC}") = "OperadoresIgualdadComparacion", "OperadoresIgualdadComparacion\OperadoresIgualdadComparacion.csproj", "{EC969947-FE49-46FE-932D-72A9E808D1A7}"
EndProject
Global
	GlobalSection(SolutionConfigurationPlatforms) = preSolution
		Debug|Any CPU = Debug|Any CPU
		Release|Any CPU = Release|Any CPU
	EndGlobalSection
	GlobalSection(ProjectConfigurationPlatforms) = postSolution
		{EC969947-FE49-46FE-932D-72A9E808D1A7}.Debug|Any CPU.ActiveCfg = Debug|Any CPU
		{EC969947-FE49-46FE-932D-72A9E808D1A7}.Debug|Any CPU.Build.0 = Debug|Any CPU
		{EC969947-FE49-46FE-932D-72A9E808D1A7}.Release|Any CPU.ActiveCfg = Release|Any CPU
		{EC969947-FE49-46FE-932D-72A9E808D1A7}.Release|Any CPU.Build.0 = Release|Any CPU
	EndGlobalSection
	GlobalSection(SolutionProperties) = preSolution
		HideSolutionNode = FALSE
	EndGlobalSection
	GlobalSection(ExtensibilityGlobals) = postSolution
		SolutionGuid = {A5350077-6E3C-4282-A221-1819E3651687}
	EndGlobalSection
EndGlobal
