
Microsoft Visual Studio Solution File, Format Version 12.00
# Visual Studio Version 17
VisualStudioVersion = 17.10.35013.160
MinimumVisualStudioVersion = 10.0.40219.1
Project("{FAE04EC0-301F-11D3-BF4B-00C04F79EFBC}") = "Variables", "Variables\Variables.csproj", "{08A92DC8-9035-4708-B5D6-656787A0F8B2}"
EndProject
Global
	GlobalSection(SolutionConfigurationPlatforms) = preSolution
		Debug|Any CPU = Debug|Any CPU
		Release|Any CPU = Release|Any CPU
	EndGlobalSection
	GlobalSection(ProjectConfigurationPlatforms) = postSolution
		{08A92DC8-9035-4708-B5D6-656787A0F8B2}.Debug|Any CPU.ActiveCfg = Debug|Any CPU
		{08A92DC8-9035-4708-B5D6-656787A0F8B2}.Debug|Any CPU.Build.0 = Debug|Any CPU
		{08A92DC8-9035-4708-B5D6-656787A0F8B2}.Release|Any CPU.ActiveCfg = Release|Any CPU
		{08A92DC8-9035-4708-B5D6-656787A0F8B2}.Release|Any CPU.Build.0 = Release|Any CPU
	EndGlobalSection
	GlobalSection(SolutionProperties) = preSolution
		HideSolutionNode = FALSE
	EndGlobalSection
	GlobalSection(ExtensibilityGlobals) = postSolution
		SolutionGuid = {04B7F7BA-D985-40AA-BD98-7A627E65B9F1}
	EndGlobalSection
EndGlobal
